
Microsoft Visual Studio Solution File, Format Version 12.00
# Visual Studio Version 17
VisualStudioVersion = 17.3.32901.215
MinimumVisualStudioVersion = 10.0.40219.1
Project("{9A19103F-16F7-4668-BE54-9A1E7A4F7556}") = "UI-WBF", "UI-WBF\UI-WBF.csproj", "{EBCC8E93-8DB3-409B-A009-2B8D3535BEE4}"
EndProject
Global
	GlobalSection(SolutionConfigurationPlatforms) = preSolution
		Debug|Any CPU = Debug|Any CPU
		Release|Any CPU = Release|Any CPU
	EndGlobalSection
	GlobalSection(ProjectConfigurationPlatforms) = postSolution
		{EBCC8E93-8DB3-409B-A009-2B8D3535BEE4}.Debug|Any CPU.ActiveCfg = Debug|Any CPU
		{EBCC8E93-8DB3-409B-A009-2B8D3535BEE4}.Debug|Any CPU.Build.0 = Debug|Any CPU
		{EBCC8E93-8DB3-409B-A009-2B8D3535BEE4}.Release|Any CPU.ActiveCfg = Release|Any CPU
		{EBCC8E93-8DB3-409B-A009-2B8D3535BEE4}.Release|Any CPU.Build.0 = Release|Any CPU
	EndGlobalSection
	GlobalSection(SolutionProperties) = preSolution
		HideSolutionNode = FALSE
	EndGlobalSection
	GlobalSection(ExtensibilityGlobals) = postSolution
		SolutionGuid = {2147492C-D4EB-4417-9ACE-7CB1BAD0E72A}
	EndGlobalSection
EndGlobal
